
Microsoft Visual Studio Solution File, Format Version 12.00
# Visual Studio 15
VisualStudioVersion = 15.0.28307.1082
MinimumVisualStudioVersion = 10.0.40219.1
Project("{FAE04EC0-301F-11D3-BF4B-00C04F79EFBC}") = "MisOfertas.Negocio", "Administrador\MisOfertas.Negocio.csproj", "{A231CB66-AE6D-4D15-8B60-728533F1AC10}"
EndProject
Project("{FAE04EC0-301F-11D3-BF4B-00C04F79EFBC}") = "MisOfertas.Datos", "MisOfertas.Datos\MisOfertas.Datos.csproj", "{F99AE1D8-374B-4029-A80C-B8E12856BF9B}"
EndProject
Project("{FAE04EC0-301F-11D3-BF4B-00C04F79EFBC}") = "MisOfertasWPF", "MisOfertasWPF\MisOfertasWPF.csproj", "{3DA3B55A-5EF6-438E-B13D-E6D24B168A1D}"
EndProject
Global
	GlobalSection(SolutionConfigurationPlatforms) = preSolution
		Debug|Any CPU = Debug|Any CPU
		Release|Any CPU = Release|Any CPU
	EndGlobalSection
	GlobalSection(ProjectConfigurationPlatforms) = postSolution
		{A231CB66-AE6D-4D15-8B60-728533F1AC10}.Debug|Any CPU.ActiveCfg = Debug|Any CPU
		{A231CB66-AE6D-4D15-8B60-728533F1AC10}.Debug|Any CPU.Build.0 = Debug|Any CPU
		{A231CB66-AE6D-4D15-8B60-728533F1AC10}.Release|Any CPU.ActiveCfg = Release|Any CPU
		{A231CB66-AE6D-4D15-8B60-728533F1AC10}.Release|Any CPU.Build.0 = Release|Any CPU
		{F99AE1D8-374B-4029-A80C-B8E12856BF9B}.Debug|Any CPU.ActiveCfg = Debug|Any CPU
		{F99AE1D8-374B-4029-A80C-B8E12856BF9B}.Debug|Any CPU.Build.0 = Debug|Any CPU
		{F99AE1D8-374B-4029-A80C-B8E12856BF9B}.Release|Any CPU.ActiveCfg = Release|Any CPU
		{F99AE1D8-374B-4029-A80C-B8E12856BF9B}.Release|Any CPU.Build.0 = Release|Any CPU
		{3DA3B55A-5EF6-438E-B13D-E6D24B168A1D}.Debug|Any CPU.ActiveCfg = Debug|Any CPU
		{3DA3B55A-5EF6-438E-B13D-E6D24B168A1D}.Debug|Any CPU.Build.0 = Debug|Any CPU
		{3DA3B55A-5EF6-438E-B13D-E6D24B168A1D}.Release|Any CPU.ActiveCfg = Release|Any CPU
		{3DA3B55A-5EF6-438E-B13D-E6D24B168A1D}.Release|Any CPU.Build.0 = Release|Any CPU
	EndGlobalSection
	GlobalSection(SolutionProperties) = preSolution
		HideSolutionNode = FALSE
	EndGlobalSection
	GlobalSection(ExtensibilityGlobals) = postSolution
		SolutionGuid = {C2E135D3-82FD-4842-B2FE-19E0CBCEC6D3}
	EndGlobalSection
EndGlobal
